
Microsoft Visual Studio Solution File, Format Version 12.00
# Visual Studio Version 16
VisualStudioVersion = 16.0.30503.244
MinimumVisualStudioVersion = 10.0.40219.1
Project("{FAE04EC0-301F-11D3-BF4B-00C04F79EFBC}") = "ConsoleApp1", "ConsoleApp1\ConsoleApp1.csproj", "{1057B5D7-8C58-45DF-9233-0EC7AAC16991}"
EndProject
Global
	GlobalSection(SolutionConfigurationPlatforms) = preSolution
		Debug|Any CPU = Debug|Any CPU
		Release|Any CPU = Release|Any CPU
	EndGlobalSection
	GlobalSection(ProjectConfigurationPlatforms) = postSolution
		{1057B5D7-8C58-45DF-9233-0EC7AAC16991}.Debug|Any CPU.ActiveCfg = Debug|Any CPU
		{1057B5D7-8C58-45DF-9233-0EC7AAC16991}.Debug|Any CPU.Build.0 = Debug|Any CPU
		{1057B5D7-8C58-45DF-9233-0EC7AAC16991}.Release|Any CPU.ActiveCfg = Release|Any CPU
		{1057B5D7-8C58-45DF-9233-0EC7AAC16991}.Release|Any CPU.Build.0 = Release|Any CPU
	EndGlobalSection
	GlobalSection(SolutionProperties) = preSolution
		HideSolutionNode = FALSE
	EndGlobalSection
	GlobalSection(ExtensibilityGlobals) = postSolution
		SolutionGuid = {A7BC637D-57B5-4AE8-9BA3-EE6837701D6E}
	EndGlobalSection
EndGlobal
