
Microsoft Visual Studio Solution File, Format Version 12.00
# Visual Studio Version 16
VisualStudioVersion = 16.0.30503.244
MinimumVisualStudioVersion = 10.0.40219.1
Project("{FAE04EC0-301F-11D3-BF4B-00C04F79EFBC}") = "D03_Task", "D03_Task.csproj", "{761ECA67-DAD1-4781-BD2B-9B493EB0CB48}"
EndProject
Global
	GlobalSection(SolutionConfigurationPlatforms) = preSolution
		Debug|Any CPU = Debug|Any CPU
		Release|Any CPU = Release|Any CPU
	EndGlobalSection
	GlobalSection(ProjectConfigurationPlatforms) = postSolution
		{761ECA67-DAD1-4781-BD2B-9B493EB0CB48}.Debug|Any CPU.ActiveCfg = Debug|Any CPU
		{761ECA67-DAD1-4781-BD2B-9B493EB0CB48}.Debug|Any CPU.Build.0 = Debug|Any CPU
		{761ECA67-DAD1-4781-BD2B-9B493EB0CB48}.Release|Any CPU.ActiveCfg = Release|Any CPU
		{761ECA67-DAD1-4781-BD2B-9B493EB0CB48}.Release|Any CPU.Build.0 = Release|Any CPU
	EndGlobalSection
	GlobalSection(SolutionProperties) = preSolution
		HideSolutionNode = FALSE
	EndGlobalSection
	GlobalSection(ExtensibilityGlobals) = postSolution
		SolutionGuid = {7ADA5611-6EE9-4D4D-B17E-2E18B20D6005}
	EndGlobalSection
EndGlobal
