
Microsoft Visual Studio Solution File, Format Version 12.00
# Visual Studio Version 16
VisualStudioVersion = 16.0.30011.22
MinimumVisualStudioVersion = 10.0.40219.1
Project("{FAE04EC0-301F-11D3-BF4B-00C04F79EFBC}") = "D06", "D06\D06.csproj", "{BB206C45-67AC-413A-AA75-35AE5194E108}"
EndProject
Global
	GlobalSection(SolutionConfigurationPlatforms) = preSolution
		Debug|Any CPU = Debug|Any CPU
		Release|Any CPU = Release|Any CPU
	EndGlobalSection
	GlobalSection(ProjectConfigurationPlatforms) = postSolution
		{BB206C45-67AC-413A-AA75-35AE5194E108}.Debug|Any CPU.ActiveCfg = Debug|Any CPU
		{BB206C45-67AC-413A-AA75-35AE5194E108}.Debug|Any CPU.Build.0 = Debug|Any CPU
		{BB206C45-67AC-413A-AA75-35AE5194E108}.Release|Any CPU.ActiveCfg = Release|Any CPU
		{BB206C45-67AC-413A-AA75-35AE5194E108}.Release|Any CPU.Build.0 = Release|Any CPU
	EndGlobalSection
	GlobalSection(SolutionProperties) = preSolution
		HideSolutionNode = FALSE
	EndGlobalSection
	GlobalSection(ExtensibilityGlobals) = postSolution
		SolutionGuid = {3707F406-6B6D-4D09-8FC3-CB6EEB46646D}
	EndGlobalSection
EndGlobal
